
Microsoft Visual Studio Solution File, Format Version 12.00
# Visual Studio Version 17
VisualStudioVersion = 17.11.35208.52
MinimumVisualStudioVersion = 10.0.40219.1
Project("{9A19103F-16F7-4668-BE54-9A1E7A4F7556}") = "StockApp.Blazor", "StockApp.Blazor\StockApp.Blazor.csproj", "{5E57C72B-576B-4555-B607-B4FA5C7F5E35}"
EndProject
Project("{9A19103F-16F7-4668-BE54-9A1E7A4F7556}") = "StockApp.Api", "StockApp.Api\StockApp.Api.csproj", "{FAF8788F-EB66-49A7-9C9D-52FA12032F34}"
EndProject
Project("{9A19103F-16F7-4668-BE54-9A1E7A4F7556}") = "StockApp.Shared", "StockApp.Shared\StockApp.Shared.csproj", "{D681F46B-8272-49C5-9993-E3C196BFB89F}"
EndProject
Project("{9A19103F-16F7-4668-BE54-9A1E7A4F7556}") = "StockApp.BlazorPwa", "StockApp.BlazorPwa\StockApp.BlazorPwa.csproj", "{32708CF6-1E81-4F70-8AC5-25FE495ABA73}"
EndProject
Project("{FAE04EC0-301F-11D3-BF4B-00C04F79EFBC}") = "StockApp.Api.Services", "StockApp.Api.Services\StockApp.Api.Services.csproj", "{EBDBE969-03B4-4E9B-A981-BDBDB28DE15D}"
EndProject
Global
	GlobalSection(SolutionConfigurationPlatforms) = preSolution
		Debug|Any CPU = Debug|Any CPU
		Release|Any CPU = Release|Any CPU
	EndGlobalSection
	GlobalSection(ProjectConfigurationPlatforms) = postSolution
		{5E57C72B-576B-4555-B607-B4FA5C7F5E35}.Debug|Any CPU.ActiveCfg = Debug|Any CPU
		{5E57C72B-576B-4555-B607-B4FA5C7F5E35}.Debug|Any CPU.Build.0 = Debug|Any CPU
		{5E57C72B-576B-4555-B607-B4FA5C7F5E35}.Release|Any CPU.ActiveCfg = Release|Any CPU
		{5E57C72B-576B-4555-B607-B4FA5C7F5E35}.Release|Any CPU.Build.0 = Release|Any CPU
		{FAF8788F-EB66-49A7-9C9D-52FA12032F34}.Debug|Any CPU.ActiveCfg = Debug|Any CPU
		{FAF8788F-EB66-49A7-9C9D-52FA12032F34}.Debug|Any CPU.Build.0 = Debug|Any CPU
		{FAF8788F-EB66-49A7-9C9D-52FA12032F34}.Release|Any CPU.ActiveCfg = Release|Any CPU
		{FAF8788F-EB66-49A7-9C9D-52FA12032F34}.Release|Any CPU.Build.0 = Release|Any CPU
		{D681F46B-8272-49C5-9993-E3C196BFB89F}.Debug|Any CPU.ActiveCfg = Debug|Any CPU
		{D681F46B-8272-49C5-9993-E3C196BFB89F}.Debug|Any CPU.Build.0 = Debug|Any CPU
		{D681F46B-8272-49C5-9993-E3C196BFB89F}.Release|Any CPU.ActiveCfg = Release|Any CPU
		{D681F46B-8272-49C5-9993-E3C196BFB89F}.Release|Any CPU.Build.0 = Release|Any CPU
		{32708CF6-1E81-4F70-8AC5-25FE495ABA73}.Debug|Any CPU.ActiveCfg = Debug|Any CPU
		{32708CF6-1E81-4F70-8AC5-25FE495ABA73}.Debug|Any CPU.Build.0 = Debug|Any CPU
		{32708CF6-1E81-4F70-8AC5-25FE495ABA73}.Release|Any CPU.ActiveCfg = Release|Any CPU
		{32708CF6-1E81-4F70-8AC5-25FE495ABA73}.Release|Any CPU.Build.0 = Release|Any CPU
		{EBDBE969-03B4-4E9B-A981-BDBDB28DE15D}.Debug|Any CPU.ActiveCfg = Debug|Any CPU
		{EBDBE969-03B4-4E9B-A981-BDBDB28DE15D}.Debug|Any CPU.Build.0 = Debug|Any CPU
		{EBDBE969-03B4-4E9B-A981-BDBDB28DE15D}.Release|Any CPU.ActiveCfg = Release|Any CPU
		{EBDBE969-03B4-4E9B-A981-BDBDB28DE15D}.Release|Any CPU.Build.0 = Release|Any CPU
	EndGlobalSection
	GlobalSection(SolutionProperties) = preSolution
		HideSolutionNode = FALSE
	EndGlobalSection
	GlobalSection(ExtensibilityGlobals) = postSolution
		SolutionGuid = {B128A274-C5C4-4E88-BFC5-71316403ADF8}
	EndGlobalSection
EndGlobal
