
Microsoft Visual Studio Solution File, Format Version 12.00
# Visual Studio Version 17
VisualStudioVersion = 17.11.35208.52
MinimumVisualStudioVersion = 10.0.40219.1
Project("{9A19103F-16F7-4668-BE54-9A1E7A4F7556}") = "StockApp.Shared", "StockApp.Shared\StockApp.Shared.csproj", "{D681F46B-8272-49C5-9993-E3C196BFB89F}"
EndProject
Project("{9A19103F-16F7-4668-BE54-9A1E7A4F7556}") = "StockApp.BlazorPwa", "StockApp.BlazorPwa\StockApp.BlazorPwa.csproj", "{32708CF6-1E81-4F70-8AC5-25FE495ABA73}"
EndProject
Project("{9A19103F-16F7-4668-BE54-9A1E7A4F7556}") = "StockApp.Api.Services", "StockApp.Api.Services\StockApp.Api.Services.csproj", "{EBDBE969-03B4-4E9B-A981-BDBDB28DE15D}"
EndProject
Project("{9A19103F-16F7-4668-BE54-9A1E7A4F7556}") = "StockApp.Client", "StockApp.Client\StockApp.Client.csproj", "{4B7EC07B-CDDD-49A6-A3A0-A6A2547D915E}"
EndProject
Project("{9A19103F-16F7-4668-BE54-9A1E7A4F7556}") = "StockApp.Isolated.Api", "StockApp.Isolated.Api\StockApp.Isolated.Api.csproj", "{E2F90813-385C-4763-A959-2435B153556F}"
EndProject
Project("{FAE04EC0-301F-11D3-BF4B-00C04F79EFBC}") = "Swa.Auth.Standard", "Swa.Auth.Standard\Swa.Auth.Standard.csproj", "{DA1B2148-6102-49B1-9B15-858CE0AB0C75}"
EndProject
Global
	GlobalSection(SolutionConfigurationPlatforms) = preSolution
		Debug|Any CPU = Debug|Any CPU
		Release|Any CPU = Release|Any CPU
	EndGlobalSection
	GlobalSection(ProjectConfigurationPlatforms) = postSolution
		{D681F46B-8272-49C5-9993-E3C196BFB89F}.Debug|Any CPU.ActiveCfg = Debug|Any CPU
		{D681F46B-8272-49C5-9993-E3C196BFB89F}.Debug|Any CPU.Build.0 = Debug|Any CPU
		{D681F46B-8272-49C5-9993-E3C196BFB89F}.Release|Any CPU.ActiveCfg = Release|Any CPU
		{D681F46B-8272-49C5-9993-E3C196BFB89F}.Release|Any CPU.Build.0 = Release|Any CPU
		{32708CF6-1E81-4F70-8AC5-25FE495ABA73}.Debug|Any CPU.ActiveCfg = Debug|Any CPU
		{32708CF6-1E81-4F70-8AC5-25FE495ABA73}.Debug|Any CPU.Build.0 = Debug|Any CPU
		{32708CF6-1E81-4F70-8AC5-25FE495ABA73}.Release|Any CPU.ActiveCfg = Release|Any CPU
		{32708CF6-1E81-4F70-8AC5-25FE495ABA73}.Release|Any CPU.Build.0 = Release|Any CPU
		{EBDBE969-03B4-4E9B-A981-BDBDB28DE15D}.Debug|Any CPU.ActiveCfg = Debug|Any CPU
		{EBDBE969-03B4-4E9B-A981-BDBDB28DE15D}.Debug|Any CPU.Build.0 = Debug|Any CPU
		{EBDBE969-03B4-4E9B-A981-BDBDB28DE15D}.Release|Any CPU.ActiveCfg = Release|Any CPU
		{EBDBE969-03B4-4E9B-A981-BDBDB28DE15D}.Release|Any CPU.Build.0 = Release|Any CPU
		{4B7EC07B-CDDD-49A6-A3A0-A6A2547D915E}.Debug|Any CPU.ActiveCfg = Debug|Any CPU
		{4B7EC07B-CDDD-49A6-A3A0-A6A2547D915E}.Debug|Any CPU.Build.0 = Debug|Any CPU
		{4B7EC07B-CDDD-49A6-A3A0-A6A2547D915E}.Release|Any CPU.ActiveCfg = Release|Any CPU
		{4B7EC07B-CDDD-49A6-A3A0-A6A2547D915E}.Release|Any CPU.Build.0 = Release|Any CPU
		{E2F90813-385C-4763-A959-2435B153556F}.Debug|Any CPU.ActiveCfg = Debug|Any CPU
		{E2F90813-385C-4763-A959-2435B153556F}.Debug|Any CPU.Build.0 = Debug|Any CPU
		{E2F90813-385C-4763-A959-2435B153556F}.Release|Any CPU.ActiveCfg = Release|Any CPU
		{E2F90813-385C-4763-A959-2435B153556F}.Release|Any CPU.Build.0 = Release|Any CPU
		{DA1B2148-6102-49B1-9B15-858CE0AB0C75}.Debug|Any CPU.ActiveCfg = Debug|Any CPU
		{DA1B2148-6102-49B1-9B15-858CE0AB0C75}.Debug|Any CPU.Build.0 = Debug|Any CPU
		{DA1B2148-6102-49B1-9B15-858CE0AB0C75}.Release|Any CPU.ActiveCfg = Release|Any CPU
		{DA1B2148-6102-49B1-9B15-858CE0AB0C75}.Release|Any CPU.Build.0 = Release|Any CPU
	EndGlobalSection
	GlobalSection(SolutionProperties) = preSolution
		HideSolutionNode = FALSE
	EndGlobalSection
	GlobalSection(ExtensibilityGlobals) = postSolution
		SolutionGuid = {B128A274-C5C4-4E88-BFC5-71316403ADF8}
	EndGlobalSection
EndGlobal
